
Microsoft Visual Studio Solution File, Format Version 12.00
# Visual Studio Version 16
VisualStudioVersion = 16.0.30517.126
MinimumVisualStudioVersion = 10.0.40219.1
Project("{FAE04EC0-301F-11D3-BF4B-00C04F79EFBC}") = "MorestringsExercises", "MorestringsExercises\MorestringsExercises.csproj", "{802A3749-55AB-4B62-82B1-9D7B6EC5B961}"
EndProject
Project("{FAE04EC0-301F-11D3-BF4B-00C04F79EFBC}") = "WordCounter", "WordCounter\WordCounter.csproj", "{62EBD02E-9C93-4D0F-95B9-3785808936D7}"
EndProject
Project("{FAE04EC0-301F-11D3-BF4B-00C04F79EFBC}") = "SubtituteCharacters", "SubtituteCharacters\SubtituteCharacters.csproj", "{A568A922-5425-4C53-8428-B783ACE2A463}"
EndProject
Project("{FAE04EC0-301F-11D3-BF4B-00C04F79EFBC}") = "ForEachLoop", "ForEachLoop\ForEachLoop.csproj", "{F247B46C-82B5-404C-B2A0-CAA5CCB81954}"
EndProject
Project("{FAE04EC0-301F-11D3-BF4B-00C04F79EFBC}") = "CharecterCounter", "CharecterCounter\CharecterCounter.csproj", "{5E950819-EFD7-4382-A4BE-F7573F5AFEB6}"
EndProject
Global
	GlobalSection(SolutionConfigurationPlatforms) = preSolution
		Debug|Any CPU = Debug|Any CPU
		Release|Any CPU = Release|Any CPU
	EndGlobalSection
	GlobalSection(ProjectConfigurationPlatforms) = postSolution
		{802A3749-55AB-4B62-82B1-9D7B6EC5B961}.Debug|Any CPU.ActiveCfg = Debug|Any CPU
		{802A3749-55AB-4B62-82B1-9D7B6EC5B961}.Debug|Any CPU.Build.0 = Debug|Any CPU
		{802A3749-55AB-4B62-82B1-9D7B6EC5B961}.Release|Any CPU.ActiveCfg = Release|Any CPU
		{802A3749-55AB-4B62-82B1-9D7B6EC5B961}.Release|Any CPU.Build.0 = Release|Any CPU
		{62EBD02E-9C93-4D0F-95B9-3785808936D7}.Debug|Any CPU.ActiveCfg = Debug|Any CPU
		{62EBD02E-9C93-4D0F-95B9-3785808936D7}.Debug|Any CPU.Build.0 = Debug|Any CPU
		{62EBD02E-9C93-4D0F-95B9-3785808936D7}.Release|Any CPU.ActiveCfg = Release|Any CPU
		{62EBD02E-9C93-4D0F-95B9-3785808936D7}.Release|Any CPU.Build.0 = Release|Any CPU
		{A568A922-5425-4C53-8428-B783ACE2A463}.Debug|Any CPU.ActiveCfg = Debug|Any CPU
		{A568A922-5425-4C53-8428-B783ACE2A463}.Debug|Any CPU.Build.0 = Debug|Any CPU
		{A568A922-5425-4C53-8428-B783ACE2A463}.Release|Any CPU.ActiveCfg = Release|Any CPU
		{A568A922-5425-4C53-8428-B783ACE2A463}.Release|Any CPU.Build.0 = Release|Any CPU
		{F247B46C-82B5-404C-B2A0-CAA5CCB81954}.Debug|Any CPU.ActiveCfg = Debug|Any CPU
		{F247B46C-82B5-404C-B2A0-CAA5CCB81954}.Debug|Any CPU.Build.0 = Debug|Any CPU
		{F247B46C-82B5-404C-B2A0-CAA5CCB81954}.Release|Any CPU.ActiveCfg = Release|Any CPU
		{F247B46C-82B5-404C-B2A0-CAA5CCB81954}.Release|Any CPU.Build.0 = Release|Any CPU
		{5E950819-EFD7-4382-A4BE-F7573F5AFEB6}.Debug|Any CPU.ActiveCfg = Debug|Any CPU
		{5E950819-EFD7-4382-A4BE-F7573F5AFEB6}.Debug|Any CPU.Build.0 = Debug|Any CPU
		{5E950819-EFD7-4382-A4BE-F7573F5AFEB6}.Release|Any CPU.ActiveCfg = Release|Any CPU
		{5E950819-EFD7-4382-A4BE-F7573F5AFEB6}.Release|Any CPU.Build.0 = Release|Any CPU
	EndGlobalSection
	GlobalSection(SolutionProperties) = preSolution
		HideSolutionNode = FALSE
	EndGlobalSection
	GlobalSection(ExtensibilityGlobals) = postSolution
		SolutionGuid = {6BEF5AF6-5BA3-42D1-AD61-1271BC21613E}
	EndGlobalSection
EndGlobal
